
Microsoft Visual Studio Solution File, Format Version 12.00
# Visual Studio Version 17
VisualStudioVersion = 17.14.36429.23 d17.14
MinimumVisualStudioVersion = 10.0.40219.1
Project("{8BC9CEB8-8B4A-11D0-8D11-00A0C91BC942}") = "Lab1", "Lab1.vcxproj", "{90A0DB21-CBA4-4C68-B3EA-F4885B0DFBCA}"
EndProject
Project("{8BC9CEB8-8B4A-11D0-8D11-00A0C91BC942}") = "Project1", "..\Project1\Project1.vcxproj", "{4194C38F-13AA-4256-BA76-210EA2411D74}"
EndProject
Global
	GlobalSection(SolutionConfigurationPlatforms) = preSolution
		Debug|x64 = Debug|x64
		Debug|x86 = Debug|x86
		Release|x64 = Release|x64
		Release|x86 = Release|x86
	EndGlobalSection
	GlobalSection(ProjectConfigurationPlatforms) = postSolution
		{90A0DB21-CBA4-4C68-B3EA-F4885B0DFBCA}.Debug|x64.ActiveCfg = Debug|x64
		{90A0DB21-CBA4-4C68-B3EA-F4885B0DFBCA}.Debug|x64.Build.0 = Debug|x64
		{90A0DB21-CBA4-4C68-B3EA-F4885B0DFBCA}.Debug|x86.ActiveCfg = Debug|Win32
		{90A0DB21-CBA4-4C68-B3EA-F4885B0DFBCA}.Debug|x86.Build.0 = Debug|Win32
		{90A0DB21-CBA4-4C68-B3EA-F4885B0DFBCA}.Release|x64.ActiveCfg = Release|x64
		{90A0DB21-CBA4-4C68-B3EA-F4885B0DFBCA}.Release|x64.Build.0 = Release|x64
		{90A0DB21-CBA4-4C68-B3EA-F4885B0DFBCA}.Release|x86.ActiveCfg = Release|Win32
		{90A0DB21-CBA4-4C68-B3EA-F4885B0DFBCA}.Release|x86.Build.0 = Release|Win32
		{4194C38F-13AA-4256-BA76-210EA2411D74}.Debug|x64.ActiveCfg = Debug|x64
		{4194C38F-13AA-4256-BA76-210EA2411D74}.Debug|x64.Build.0 = Debug|x64
		{4194C38F-13AA-4256-BA76-210EA2411D74}.Debug|x86.ActiveCfg = Debug|Win32
		{4194C38F-13AA-4256-BA76-210EA2411D74}.Debug|x86.Build.0 = Debug|Win32
		{4194C38F-13AA-4256-BA76-210EA2411D74}.Release|x64.ActiveCfg = Release|x64
		{4194C38F-13AA-4256-BA76-210EA2411D74}.Release|x64.Build.0 = Release|x64
		{4194C38F-13AA-4256-BA76-210EA2411D74}.Release|x86.ActiveCfg = Release|Win32
		{4194C38F-13AA-4256-BA76-210EA2411D74}.Release|x86.Build.0 = Release|Win32
	EndGlobalSection
	GlobalSection(SolutionProperties) = preSolution
		HideSolutionNode = FALSE
	EndGlobalSection
	GlobalSection(ExtensibilityGlobals) = postSolution
		SolutionGuid = {2622BBB7-659C-4FCF-ADB0-87A80F6BA871}
	EndGlobalSection
EndGlobal
